
Microsoft Visual Studio Solution File, Format Version 12.00
# Visual Studio Version 17
VisualStudioVersion = 17.5.33530.505
MinimumVisualStudioVersion = 10.0.40219.1
Project("{FAE04EC0-301F-11D3-BF4B-00C04F79EFBC}") = "test", "test\test.csproj", "{2764D593-2340-4EEC-8A7D-4938A96B4CEE}"
EndProject
Global
	GlobalSection(SolutionConfigurationPlatforms) = preSolution
		Debug|Any CPU = Debug|Any CPU
		Release|Any CPU = Release|Any CPU
	EndGlobalSection
	GlobalSection(ProjectConfigurationPlatforms) = postSolution
		{2764D593-2340-4EEC-8A7D-4938A96B4CEE}.Debug|Any CPU.ActiveCfg = Debug|Any CPU
		{2764D593-2340-4EEC-8A7D-4938A96B4CEE}.Debug|Any CPU.Build.0 = Debug|Any CPU
		{2764D593-2340-4EEC-8A7D-4938A96B4CEE}.Release|Any CPU.ActiveCfg = Release|Any CPU
		{2764D593-2340-4EEC-8A7D-4938A96B4CEE}.Release|Any CPU.Build.0 = Release|Any CPU
	EndGlobalSection
	GlobalSection(SolutionProperties) = preSolution
		HideSolutionNode = FALSE
	EndGlobalSection
	GlobalSection(ExtensibilityGlobals) = postSolution
		SolutionGuid = {9CBF82F9-B93D-4E98-B53D-055F188CBCD7}
	EndGlobalSection
EndGlobal
